
Microsoft Visual Studio Solution File, Format Version 12.00
# Visual Studio Version 16
VisualStudioVersion = 16.0.30611.23
MinimumVisualStudioVersion = 10.0.40219.1
Project("{9A19103F-16F7-4668-BE54-9A1E7A4F7556}") = "ZwinnyCRUD.Common", "ZwinnyCRUD.Common\ZwinnyCRUD.Common.csproj", "{19D0C879-5B16-4BE5-9A3B-DD55F0CA7430}"
EndProject
Project("{FAE04EC0-301F-11D3-BF4B-00C04F79EFBC}") = "ZwinnyCRUD.Mobile.Android", "ZwinnyCRUD.Mobile\ZwinnyCRUD.Mobile.Android\ZwinnyCRUD.Mobile.Android.csproj", "{85A7A2A8-F378-4931-8ECA-442818583EB9}"
EndProject
Project("{FAE04EC0-301F-11D3-BF4B-00C04F79EFBC}") = "ZwinnyCRUD.Mobile.iOS", "ZwinnyCRUD.Mobile\ZwinnyCRUD.Mobile.iOS\ZwinnyCRUD.Mobile.iOS.csproj", "{877D97A8-788A-4508-ABCC-88547F8F1936}"
EndProject
Project("{9A19103F-16F7-4668-BE54-9A1E7A4F7556}") = "ZwinnyCRUD.Mobile", "ZwinnyCRUD.Mobile\ZwinnyCRUD.Mobile\ZwinnyCRUD.Mobile.csproj", "{24E0A90F-54C0-4804-971A-2B4A08F9EDBE}"
EndProject
Project("{FAE04EC0-301F-11D3-BF4B-00C04F79EFBC}") = "ZwinnyCRUD.Cloud", "ZwinnyCRUD.Cloud\ZwinnyCRUD.Cloud.csproj", "{65BF685B-A18D-4EF2-8BAB-B1A738069C4F}"
EndProject
Global
	GlobalSection(SolutionConfigurationPlatforms) = preSolution
		Debug|Any CPU = Debug|Any CPU
		Debug|iPhone = Debug|iPhone
		Debug|iPhoneSimulator = Debug|iPhoneSimulator
		Release|Any CPU = Release|Any CPU
		Release|iPhone = Release|iPhone
		Release|iPhoneSimulator = Release|iPhoneSimulator
	EndGlobalSection
	GlobalSection(ProjectConfigurationPlatforms) = postSolution
		{19D0C879-5B16-4BE5-9A3B-DD55F0CA7430}.Debug|Any CPU.ActiveCfg = Debug|Any CPU
		{19D0C879-5B16-4BE5-9A3B-DD55F0CA7430}.Debug|Any CPU.Build.0 = Debug|Any CPU
		{19D0C879-5B16-4BE5-9A3B-DD55F0CA7430}.Debug|iPhone.ActiveCfg = Debug|Any CPU
		{19D0C879-5B16-4BE5-9A3B-DD55F0CA7430}.Debug|iPhone.Build.0 = Debug|Any CPU
		{19D0C879-5B16-4BE5-9A3B-DD55F0CA7430}.Debug|iPhoneSimulator.ActiveCfg = Debug|Any CPU
		{19D0C879-5B16-4BE5-9A3B-DD55F0CA7430}.Debug|iPhoneSimulator.Build.0 = Debug|Any CPU
		{19D0C879-5B16-4BE5-9A3B-DD55F0CA7430}.Release|Any CPU.ActiveCfg = Release|Any CPU
		{19D0C879-5B16-4BE5-9A3B-DD55F0CA7430}.Release|Any CPU.Build.0 = Release|Any CPU
		{19D0C879-5B16-4BE5-9A3B-DD55F0CA7430}.Release|iPhone.ActiveCfg = Release|Any CPU
		{19D0C879-5B16-4BE5-9A3B-DD55F0CA7430}.Release|iPhone.Build.0 = Release|Any CPU
		{19D0C879-5B16-4BE5-9A3B-DD55F0CA7430}.Release|iPhoneSimulator.ActiveCfg = Release|Any CPU
		{19D0C879-5B16-4BE5-9A3B-DD55F0CA7430}.Release|iPhoneSimulator.Build.0 = Release|Any CPU
		{85A7A2A8-F378-4931-8ECA-442818583EB9}.Debug|Any CPU.ActiveCfg = Debug|Any CPU
		{85A7A2A8-F378-4931-8ECA-442818583EB9}.Debug|Any CPU.Build.0 = Debug|Any CPU
		{85A7A2A8-F378-4931-8ECA-442818583EB9}.Debug|Any CPU.Deploy.0 = Debug|Any CPU
		{85A7A2A8-F378-4931-8ECA-442818583EB9}.Debug|iPhone.ActiveCfg = Debug|Any CPU
		{85A7A2A8-F378-4931-8ECA-442818583EB9}.Debug|iPhone.Build.0 = Debug|Any CPU
		{85A7A2A8-F378-4931-8ECA-442818583EB9}.Debug|iPhone.Deploy.0 = Debug|Any CPU
		{85A7A2A8-F378-4931-8ECA-442818583EB9}.Debug|iPhoneSimulator.ActiveCfg = Debug|Any CPU
		{85A7A2A8-F378-4931-8ECA-442818583EB9}.Debug|iPhoneSimulator.Build.0 = Debug|Any CPU
		{85A7A2A8-F378-4931-8ECA-442818583EB9}.Debug|iPhoneSimulator.Deploy.0 = Debug|Any CPU
		{85A7A2A8-F378-4931-8ECA-442818583EB9}.Release|Any CPU.ActiveCfg = Release|Any CPU
		{85A7A2A8-F378-4931-8ECA-442818583EB9}.Release|Any CPU.Build.0 = Release|Any CPU
		{85A7A2A8-F378-4931-8ECA-442818583EB9}.Release|Any CPU.Deploy.0 = Release|Any CPU
		{85A7A2A8-F378-4931-8ECA-442818583EB9}.Release|iPhone.ActiveCfg = Release|Any CPU
		{85A7A2A8-F378-4931-8ECA-442818583EB9}.Release|iPhone.Build.0 = Release|Any CPU
		{85A7A2A8-F378-4931-8ECA-442818583EB9}.Release|iPhone.Deploy.0 = Release|Any CPU
		{85A7A2A8-F378-4931-8ECA-442818583EB9}.Release|iPhoneSimulator.ActiveCfg = Release|Any CPU
		{85A7A2A8-F378-4931-8ECA-442818583EB9}.Release|iPhoneSimulator.Build.0 = Release|Any CPU
		{85A7A2A8-F378-4931-8ECA-442818583EB9}.Release|iPhoneSimulator.Deploy.0 = Release|Any CPU
		{877D97A8-788A-4508-ABCC-88547F8F1936}.Debug|Any CPU.ActiveCfg = Debug|iPhoneSimulator
		{877D97A8-788A-4508-ABCC-88547F8F1936}.Debug|iPhone.ActiveCfg = Debug|iPhone
		{877D97A8-788A-4508-ABCC-88547F8F1936}.Debug|iPhone.Build.0 = Debug|iPhone
		{877D97A8-788A-4508-ABCC-88547F8F1936}.Debug|iPhoneSimulator.ActiveCfg = Debug|iPhoneSimulator
		{877D97A8-788A-4508-ABCC-88547F8F1936}.Debug|iPhoneSimulator.Build.0 = Debug|iPhoneSimulator
		{877D97A8-788A-4508-ABCC-88547F8F1936}.Release|Any CPU.ActiveCfg = Release|iPhoneSimulator
		{877D97A8-788A-4508-ABCC-88547F8F1936}.Release|iPhone.ActiveCfg = Release|iPhone
		{877D97A8-788A-4508-ABCC-88547F8F1936}.Release|iPhone.Build.0 = Release|iPhone
		{877D97A8-788A-4508-ABCC-88547F8F1936}.Release|iPhoneSimulator.ActiveCfg = Release|iPhoneSimulator
		{877D97A8-788A-4508-ABCC-88547F8F1936}.Release|iPhoneSimulator.Build.0 = Release|iPhoneSimulator
		{24E0A90F-54C0-4804-971A-2B4A08F9EDBE}.Debug|Any CPU.ActiveCfg = Debug|Any CPU
		{24E0A90F-54C0-4804-971A-2B4A08F9EDBE}.Debug|Any CPU.Build.0 = Debug|Any CPU
		{24E0A90F-54C0-4804-971A-2B4A08F9EDBE}.Debug|iPhone.ActiveCfg = Debug|Any CPU
		{24E0A90F-54C0-4804-971A-2B4A08F9EDBE}.Debug|iPhone.Build.0 = Debug|Any CPU
		{24E0A90F-54C0-4804-971A-2B4A08F9EDBE}.Debug|iPhoneSimulator.ActiveCfg = Debug|Any CPU
		{24E0A90F-54C0-4804-971A-2B4A08F9EDBE}.Debug|iPhoneSimulator.Build.0 = Debug|Any CPU
		{24E0A90F-54C0-4804-971A-2B4A08F9EDBE}.Release|Any CPU.ActiveCfg = Release|Any CPU
		{24E0A90F-54C0-4804-971A-2B4A08F9EDBE}.Release|Any CPU.Build.0 = Release|Any CPU
		{24E0A90F-54C0-4804-971A-2B4A08F9EDBE}.Release|iPhone.ActiveCfg = Release|Any CPU
		{24E0A90F-54C0-4804-971A-2B4A08F9EDBE}.Release|iPhone.Build.0 = Release|Any CPU
		{24E0A90F-54C0-4804-971A-2B4A08F9EDBE}.Release|iPhoneSimulator.ActiveCfg = Release|Any CPU
		{24E0A90F-54C0-4804-971A-2B4A08F9EDBE}.Release|iPhoneSimulator.Build.0 = Release|Any CPU
		{65BF685B-A18D-4EF2-8BAB-B1A738069C4F}.Debug|Any CPU.ActiveCfg = Debug|Any CPU
		{65BF685B-A18D-4EF2-8BAB-B1A738069C4F}.Debug|Any CPU.Build.0 = Debug|Any CPU
		{65BF685B-A18D-4EF2-8BAB-B1A738069C4F}.Debug|iPhone.ActiveCfg = Debug|Any CPU
		{65BF685B-A18D-4EF2-8BAB-B1A738069C4F}.Debug|iPhone.Build.0 = Debug|Any CPU
		{65BF685B-A18D-4EF2-8BAB-B1A738069C4F}.Debug|iPhoneSimulator.ActiveCfg = Debug|Any CPU
		{65BF685B-A18D-4EF2-8BAB-B1A738069C4F}.Debug|iPhoneSimulator.Build.0 = Debug|Any CPU
		{65BF685B-A18D-4EF2-8BAB-B1A738069C4F}.Release|Any CPU.ActiveCfg = Release|Any CPU
		{65BF685B-A18D-4EF2-8BAB-B1A738069C4F}.Release|Any CPU.Build.0 = Release|Any CPU
		{65BF685B-A18D-4EF2-8BAB-B1A738069C4F}.Release|iPhone.ActiveCfg = Release|Any CPU
		{65BF685B-A18D-4EF2-8BAB-B1A738069C4F}.Release|iPhone.Build.0 = Release|Any CPU
		{65BF685B-A18D-4EF2-8BAB-B1A738069C4F}.Release|iPhoneSimulator.ActiveCfg = Release|Any CPU
		{65BF685B-A18D-4EF2-8BAB-B1A738069C4F}.Release|iPhoneSimulator.Build.0 = Release|Any CPU
	EndGlobalSection
	GlobalSection(SolutionProperties) = preSolution
		HideSolutionNode = FALSE
	EndGlobalSection
	GlobalSection(ExtensibilityGlobals) = postSolution
		SolutionGuid = {9A070BD2-EB52-4017-83D4-482EA91AA7BF}
	EndGlobalSection
EndGlobal
